
Microsoft Visual Studio Solution File, Format Version 12.00
# Visual Studio Version 17
VisualStudioVersion = 17.8.34330.188
MinimumVisualStudioVersion = 10.0.40219.1
Project("{FAE04EC0-301F-11D3-BF4B-00C04F79EFBC}") = "ConsoleApp1", "ConsoleApp1.csproj", "{7D3F5C05-FC89-459D-9DC1-989613DA8F29}"
EndProject
Project("{FAE04EC0-301F-11D3-BF4B-00C04F79EFBC}") = "ConsoleApp2", "..\ConsoleApp2\ConsoleApp2.csproj", "{3D8DF201-314B-4F64-BF38-495801C3E2B3}"
EndProject
Project("{FAE04EC0-301F-11D3-BF4B-00C04F79EFBC}") = "ConsoleApp3", "..\ConsoleApp3\ConsoleApp3.csproj", "{FB82585F-912C-4AC2-B07F-1216177999B1}"
EndProject
Global
	GlobalSection(SolutionConfigurationPlatforms) = preSolution
		Debug|Any CPU = Debug|Any CPU
		Release|Any CPU = Release|Any CPU
	EndGlobalSection
	GlobalSection(ProjectConfigurationPlatforms) = postSolution
		{7D3F5C05-FC89-459D-9DC1-989613DA8F29}.Debug|Any CPU.ActiveCfg = Debug|Any CPU
		{7D3F5C05-FC89-459D-9DC1-989613DA8F29}.Debug|Any CPU.Build.0 = Debug|Any CPU
		{7D3F5C05-FC89-459D-9DC1-989613DA8F29}.Release|Any CPU.ActiveCfg = Release|Any CPU
		{7D3F5C05-FC89-459D-9DC1-989613DA8F29}.Release|Any CPU.Build.0 = Release|Any CPU
		{3D8DF201-314B-4F64-BF38-495801C3E2B3}.Debug|Any CPU.ActiveCfg = Debug|Any CPU
		{3D8DF201-314B-4F64-BF38-495801C3E2B3}.Debug|Any CPU.Build.0 = Debug|Any CPU
		{3D8DF201-314B-4F64-BF38-495801C3E2B3}.Release|Any CPU.ActiveCfg = Release|Any CPU
		{3D8DF201-314B-4F64-BF38-495801C3E2B3}.Release|Any CPU.Build.0 = Release|Any CPU
		{FB82585F-912C-4AC2-B07F-1216177999B1}.Debug|Any CPU.ActiveCfg = Debug|Any CPU
		{FB82585F-912C-4AC2-B07F-1216177999B1}.Debug|Any CPU.Build.0 = Debug|Any CPU
		{FB82585F-912C-4AC2-B07F-1216177999B1}.Release|Any CPU.ActiveCfg = Release|Any CPU
		{FB82585F-912C-4AC2-B07F-1216177999B1}.Release|Any CPU.Build.0 = Release|Any CPU
	EndGlobalSection
	GlobalSection(SolutionProperties) = preSolution
		HideSolutionNode = FALSE
	EndGlobalSection
	GlobalSection(ExtensibilityGlobals) = postSolution
		SolutionGuid = {D5D1778E-5546-4E55-9BF5-1EF76F69268A}
	EndGlobalSection
EndGlobal
